
Microsoft Visual Studio Solution File, Format Version 12.00
# Visual Studio Version 17
VisualStudioVersion = 17.7.34003.232
MinimumVisualStudioVersion = 10.0.40219.1
Project("{FAE04EC0-301F-11D3-BF4B-00C04F79EFBC}") = "RehearsalBase", "RehearsalBase\RehearsalBase.csproj", "{D3FE755F-9E88-4D39-896E-4D512D2197AD}"
EndProject
Global
	GlobalSection(SolutionConfigurationPlatforms) = preSolution
		Debug|Any CPU = Debug|Any CPU
		Release|Any CPU = Release|Any CPU
	EndGlobalSection
	GlobalSection(ProjectConfigurationPlatforms) = postSolution
		{D3FE755F-9E88-4D39-896E-4D512D2197AD}.Debug|Any CPU.ActiveCfg = Debug|Any CPU
		{D3FE755F-9E88-4D39-896E-4D512D2197AD}.Debug|Any CPU.Build.0 = Debug|Any CPU
		{D3FE755F-9E88-4D39-896E-4D512D2197AD}.Release|Any CPU.ActiveCfg = Release|Any CPU
		{D3FE755F-9E88-4D39-896E-4D512D2197AD}.Release|Any CPU.Build.0 = Release|Any CPU
	EndGlobalSection
	GlobalSection(SolutionProperties) = preSolution
		HideSolutionNode = FALSE
	EndGlobalSection
	GlobalSection(ExtensibilityGlobals) = postSolution
		SolutionGuid = {7339720E-8DAE-4757-854D-829E7CB27297}
	EndGlobalSection
EndGlobal
